
Microsoft Visual Studio Solution File, Format Version 12.00
# Visual Studio Version 17
VisualStudioVersion = 17.1.32228.430
MinimumVisualStudioVersion = 10.0.40219.1
Project("{9A19103F-16F7-4668-BE54-9A1E7A4F7556}") = "Auction.Products", "Auction.Products\Auction.Products.csproj", "{D10FFF05-4203-414A-BF4D-D64739769F3B}"
EndProject
Project("{2150E333-8FDC-42A3-9474-1A3956D46DE8}") = "Products", "Products", "{F0456338-5870-4B01-9F5B-CF8208F4E242}"
EndProject
Project("{2150E333-8FDC-42A3-9474-1A3956D46DE8}") = "src", "src", "{0EA94C74-06E5-4AC7-A840-773CBE3C4027}"
EndProject
Project("{2150E333-8FDC-42A3-9474-1A3956D46DE8}") = "ApiGateway", "ApiGateway", "{C3FA600E-12CD-4AA1-A12F-41350DA15007}"
EndProject
Project("{2150E333-8FDC-42A3-9474-1A3956D46DE8}") = "Services", "Services", "{9439AC8E-0176-447C-AA12-B6DB18D50462}"
EndProject
Project("{2150E333-8FDC-42A3-9474-1A3956D46DE8}") = "WebApp", "WebApp", "{23105A8C-9353-4DD2-ACAA-7342D2770B31}"
EndProject
Project("{2150E333-8FDC-42A3-9474-1A3956D46DE8}") = "Common", "Common", "{0BB1956A-BC85-4D7C-89BC-78DCC16A6B6B}"
EndProject
Project("{2150E333-8FDC-42A3-9474-1A3956D46DE8}") = "Order", "Order", "{DDF52EC5-6520-4A34-B91C-C603D923A370}"
EndProject
Project("{2150E333-8FDC-42A3-9474-1A3956D46DE8}") = "Auction", "Auction", "{4340379F-36B9-46A7-ABD2-4DD6466BCF31}"
EndProject
Project("{E53339B2-1760-4266-BCC7-CA923CBCF16C}") = "docker-compose", "docker-compose.dcproj", "{9DAF3672-DD90-42C7-BC85-0FFF2E1A6DEC}"
EndProject
Project("{9A19103F-16F7-4668-BE54-9A1E7A4F7556}") = "Auction.Auction", "Auction.Auction\Auction.Auction.csproj", "{64390F79-DA2B-4709-9E93-FD01E2779BC3}"
EndProject
Project("{9A19103F-16F7-4668-BE54-9A1E7A4F7556}") = "EventBusRabbitMQ", "EventBusRabbitMQ\EventBusRabbitMQ.csproj", "{88DF3767-4772-4121-B8D4-3A4E7DC63D6D}"
EndProject
Project("{FAE04EC0-301F-11D3-BF4B-00C04F79EFBC}") = "Auction.Order", "Auction.Order\Auction.Order.csproj", "{4C1BBA86-20F8-4419-AEF3-C60E4B0463A2}"
EndProject
Project("{FAE04EC0-301F-11D3-BF4B-00C04F79EFBC}") = "Ordering.Domain", "Ordering.Domain\Ordering.Domain.csproj", "{253C870B-CE9C-4C8D-A22D-9AF8DDB9A075}"
EndProject
Project("{FAE04EC0-301F-11D3-BF4B-00C04F79EFBC}") = "Ordering.Application", "Ordering.Application\Ordering.Application.csproj", "{1175D859-E6D9-4F2D-99E7-0668C44CF772}"
EndProject
Project("{FAE04EC0-301F-11D3-BF4B-00C04F79EFBC}") = "Ordering.Infrastructure", "..\Ordering.Infrastructure\Ordering.Infrastructure.csproj", "{A90566C4-0396-4449-91FB-7B6C8C3109D9}"
EndProject
Global
	GlobalSection(SolutionConfigurationPlatforms) = preSolution
		Debug|Any CPU = Debug|Any CPU
		Release|Any CPU = Release|Any CPU
	EndGlobalSection
	GlobalSection(ProjectConfigurationPlatforms) = postSolution
		{D10FFF05-4203-414A-BF4D-D64739769F3B}.Debug|Any CPU.ActiveCfg = Debug|Any CPU
		{D10FFF05-4203-414A-BF4D-D64739769F3B}.Debug|Any CPU.Build.0 = Debug|Any CPU
		{D10FFF05-4203-414A-BF4D-D64739769F3B}.Release|Any CPU.ActiveCfg = Release|Any CPU
		{D10FFF05-4203-414A-BF4D-D64739769F3B}.Release|Any CPU.Build.0 = Release|Any CPU
		{9DAF3672-DD90-42C7-BC85-0FFF2E1A6DEC}.Debug|Any CPU.ActiveCfg = Debug|Any CPU
		{9DAF3672-DD90-42C7-BC85-0FFF2E1A6DEC}.Debug|Any CPU.Build.0 = Debug|Any CPU
		{9DAF3672-DD90-42C7-BC85-0FFF2E1A6DEC}.Release|Any CPU.ActiveCfg = Release|Any CPU
		{9DAF3672-DD90-42C7-BC85-0FFF2E1A6DEC}.Release|Any CPU.Build.0 = Release|Any CPU
		{64390F79-DA2B-4709-9E93-FD01E2779BC3}.Debug|Any CPU.ActiveCfg = Debug|Any CPU
		{64390F79-DA2B-4709-9E93-FD01E2779BC3}.Debug|Any CPU.Build.0 = Debug|Any CPU
		{64390F79-DA2B-4709-9E93-FD01E2779BC3}.Release|Any CPU.ActiveCfg = Release|Any CPU
		{64390F79-DA2B-4709-9E93-FD01E2779BC3}.Release|Any CPU.Build.0 = Release|Any CPU
		{88DF3767-4772-4121-B8D4-3A4E7DC63D6D}.Debug|Any CPU.ActiveCfg = Debug|Any CPU
		{88DF3767-4772-4121-B8D4-3A4E7DC63D6D}.Debug|Any CPU.Build.0 = Debug|Any CPU
		{88DF3767-4772-4121-B8D4-3A4E7DC63D6D}.Release|Any CPU.ActiveCfg = Release|Any CPU
		{88DF3767-4772-4121-B8D4-3A4E7DC63D6D}.Release|Any CPU.Build.0 = Release|Any CPU
		{4C1BBA86-20F8-4419-AEF3-C60E4B0463A2}.Debug|Any CPU.ActiveCfg = Debug|Any CPU
		{4C1BBA86-20F8-4419-AEF3-C60E4B0463A2}.Debug|Any CPU.Build.0 = Debug|Any CPU
		{4C1BBA86-20F8-4419-AEF3-C60E4B0463A2}.Release|Any CPU.ActiveCfg = Release|Any CPU
		{4C1BBA86-20F8-4419-AEF3-C60E4B0463A2}.Release|Any CPU.Build.0 = Release|Any CPU
		{253C870B-CE9C-4C8D-A22D-9AF8DDB9A075}.Debug|Any CPU.ActiveCfg = Debug|Any CPU
		{253C870B-CE9C-4C8D-A22D-9AF8DDB9A075}.Debug|Any CPU.Build.0 = Debug|Any CPU
		{253C870B-CE9C-4C8D-A22D-9AF8DDB9A075}.Release|Any CPU.ActiveCfg = Release|Any CPU
		{253C870B-CE9C-4C8D-A22D-9AF8DDB9A075}.Release|Any CPU.Build.0 = Release|Any CPU
		{1175D859-E6D9-4F2D-99E7-0668C44CF772}.Debug|Any CPU.ActiveCfg = Debug|Any CPU
		{1175D859-E6D9-4F2D-99E7-0668C44CF772}.Debug|Any CPU.Build.0 = Debug|Any CPU
		{1175D859-E6D9-4F2D-99E7-0668C44CF772}.Release|Any CPU.ActiveCfg = Release|Any CPU
		{1175D859-E6D9-4F2D-99E7-0668C44CF772}.Release|Any CPU.Build.0 = Release|Any CPU
		{A90566C4-0396-4449-91FB-7B6C8C3109D9}.Debug|Any CPU.ActiveCfg = Debug|Any CPU
		{A90566C4-0396-4449-91FB-7B6C8C3109D9}.Debug|Any CPU.Build.0 = Debug|Any CPU
		{A90566C4-0396-4449-91FB-7B6C8C3109D9}.Release|Any CPU.ActiveCfg = Release|Any CPU
		{A90566C4-0396-4449-91FB-7B6C8C3109D9}.Release|Any CPU.Build.0 = Release|Any CPU
	EndGlobalSection
	GlobalSection(SolutionProperties) = preSolution
		HideSolutionNode = FALSE
	EndGlobalSection
	GlobalSection(NestedProjects) = preSolution
		{D10FFF05-4203-414A-BF4D-D64739769F3B} = {F0456338-5870-4B01-9F5B-CF8208F4E242}
		{F0456338-5870-4B01-9F5B-CF8208F4E242} = {9439AC8E-0176-447C-AA12-B6DB18D50462}
		{C3FA600E-12CD-4AA1-A12F-41350DA15007} = {0EA94C74-06E5-4AC7-A840-773CBE3C4027}
		{9439AC8E-0176-447C-AA12-B6DB18D50462} = {0EA94C74-06E5-4AC7-A840-773CBE3C4027}
		{23105A8C-9353-4DD2-ACAA-7342D2770B31} = {0EA94C74-06E5-4AC7-A840-773CBE3C4027}
		{0BB1956A-BC85-4D7C-89BC-78DCC16A6B6B} = {9439AC8E-0176-447C-AA12-B6DB18D50462}
		{DDF52EC5-6520-4A34-B91C-C603D923A370} = {9439AC8E-0176-447C-AA12-B6DB18D50462}
		{4340379F-36B9-46A7-ABD2-4DD6466BCF31} = {9439AC8E-0176-447C-AA12-B6DB18D50462}
		{64390F79-DA2B-4709-9E93-FD01E2779BC3} = {4340379F-36B9-46A7-ABD2-4DD6466BCF31}
		{88DF3767-4772-4121-B8D4-3A4E7DC63D6D} = {0BB1956A-BC85-4D7C-89BC-78DCC16A6B6B}
		{4C1BBA86-20F8-4419-AEF3-C60E4B0463A2} = {DDF52EC5-6520-4A34-B91C-C603D923A370}
		{253C870B-CE9C-4C8D-A22D-9AF8DDB9A075} = {DDF52EC5-6520-4A34-B91C-C603D923A370}
		{1175D859-E6D9-4F2D-99E7-0668C44CF772} = {DDF52EC5-6520-4A34-B91C-C603D923A370}
		{A90566C4-0396-4449-91FB-7B6C8C3109D9} = {DDF52EC5-6520-4A34-B91C-C603D923A370}
	EndGlobalSection
	GlobalSection(ExtensibilityGlobals) = postSolution
		SolutionGuid = {0311B689-9407-4B6C-AF11-75C4997E1459}
	EndGlobalSection
EndGlobal
